
Microsoft Visual Studio Solution File, Format Version 12.00
# Visual Studio 15
VisualStudioVersion = 15.0.27004.2009
MinimumVisualStudioVersion = 10.0.40219.1
Project("{8BC9CEB8-8B4A-11D0-8D11-00A0C91BC942}") = "BIOS_CPU_Info", "BIOS & CPU Info\BIOS_CPU_Info.vcxproj", "{D452E135-5540-43DC-BC6A-ABC9B6C3A118}"
EndProject
Project("{8BC9CEB8-8B4A-11D0-8D11-00A0C91BC942}") = "RAM Modelling", "RAM Modelling\RAM Modelling.vcxproj", "{CEA4A772-E578-4B48-BA64-A03B67219763}"
EndProject
Project("{8BC9CEB8-8B4A-11D0-8D11-00A0C91BC942}") = "Splish keygen", "Splish keygen\Splish keygen.vcxproj", "{4D4E4405-2DE3-4934-9835-9DD360899696}"
EndProject
Global
	GlobalSection(SolutionConfigurationPlatforms) = preSolution
		Debug|x64 = Debug|x64
		Debug|x86 = Debug|x86
		Release|x64 = Release|x64
		Release|x86 = Release|x86
	EndGlobalSection
	GlobalSection(ProjectConfigurationPlatforms) = postSolution
		{D452E135-5540-43DC-BC6A-ABC9B6C3A118}.Debug|x64.ActiveCfg = Debug|x64
		{D452E135-5540-43DC-BC6A-ABC9B6C3A118}.Debug|x64.Build.0 = Debug|x64
		{D452E135-5540-43DC-BC6A-ABC9B6C3A118}.Debug|x86.ActiveCfg = Debug|Win32
		{D452E135-5540-43DC-BC6A-ABC9B6C3A118}.Debug|x86.Build.0 = Debug|Win32
		{D452E135-5540-43DC-BC6A-ABC9B6C3A118}.Release|x64.ActiveCfg = Release|x64
		{D452E135-5540-43DC-BC6A-ABC9B6C3A118}.Release|x64.Build.0 = Release|x64
		{D452E135-5540-43DC-BC6A-ABC9B6C3A118}.Release|x86.ActiveCfg = Release|Win32
		{D452E135-5540-43DC-BC6A-ABC9B6C3A118}.Release|x86.Build.0 = Release|Win32
		{CEA4A772-E578-4B48-BA64-A03B67219763}.Debug|x64.ActiveCfg = Debug|x64
		{CEA4A772-E578-4B48-BA64-A03B67219763}.Debug|x64.Build.0 = Debug|x64
		{CEA4A772-E578-4B48-BA64-A03B67219763}.Debug|x86.ActiveCfg = Debug|Win32
		{CEA4A772-E578-4B48-BA64-A03B67219763}.Debug|x86.Build.0 = Debug|Win32
		{CEA4A772-E578-4B48-BA64-A03B67219763}.Release|x64.ActiveCfg = Release|x64
		{CEA4A772-E578-4B48-BA64-A03B67219763}.Release|x64.Build.0 = Release|x64
		{CEA4A772-E578-4B48-BA64-A03B67219763}.Release|x86.ActiveCfg = Release|Win32
		{CEA4A772-E578-4B48-BA64-A03B67219763}.Release|x86.Build.0 = Release|Win32
		{4D4E4405-2DE3-4934-9835-9DD360899696}.Debug|x64.ActiveCfg = Debug|Win32
		{4D4E4405-2DE3-4934-9835-9DD360899696}.Debug|x86.ActiveCfg = Debug|Win32
		{4D4E4405-2DE3-4934-9835-9DD360899696}.Debug|x86.Build.0 = Debug|Win32
		{4D4E4405-2DE3-4934-9835-9DD360899696}.Release|x64.ActiveCfg = Release|Win32
		{4D4E4405-2DE3-4934-9835-9DD360899696}.Release|x86.ActiveCfg = Release|Win32
		{4D4E4405-2DE3-4934-9835-9DD360899696}.Release|x86.Build.0 = Release|Win32
	EndGlobalSection
	GlobalSection(SolutionProperties) = preSolution
		HideSolutionNode = FALSE
	EndGlobalSection
	GlobalSection(ExtensibilityGlobals) = postSolution
		SolutionGuid = {7BE9DF4F-751C-42E6-A0FF-B47620D51AB3}
	EndGlobalSection
EndGlobal
